
Microsoft Visual Studio Solution File, Format Version 12.00
# Visual Studio 15
VisualStudioVersion = 15.0.27130.2027
MinimumVisualStudioVersion = 10.0.40219.1
Project("{FAE04EC0-301F-11D3-BF4B-00C04F79EFBC}") = "Telegent", "Telegent\Telegent.csproj", "{C79408F1-D6B5-445C-9DE1-EE6458D1ED1C}"
EndProject
Global
	GlobalSection(SolutionConfigurationPlatforms) = preSolution
		Debug|Any CPU = Debug|Any CPU
		Release|Any CPU = Release|Any CPU
	EndGlobalSection
	GlobalSection(ProjectConfigurationPlatforms) = postSolution
		{C79408F1-D6B5-445C-9DE1-EE6458D1ED1C}.Debug|Any CPU.ActiveCfg = Debug|Any CPU
		{C79408F1-D6B5-445C-9DE1-EE6458D1ED1C}.Debug|Any CPU.Build.0 = Debug|Any CPU
		{C79408F1-D6B5-445C-9DE1-EE6458D1ED1C}.Release|Any CPU.ActiveCfg = Release|Any CPU
		{C79408F1-D6B5-445C-9DE1-EE6458D1ED1C}.Release|Any CPU.Build.0 = Release|Any CPU
	EndGlobalSection
	GlobalSection(SolutionProperties) = preSolution
		HideSolutionNode = FALSE
	EndGlobalSection
	GlobalSection(ExtensibilityGlobals) = postSolution
		SolutionGuid = {81D4037F-C8B4-4E07-9611-B200D2828E8D}
	EndGlobalSection
EndGlobal
